
Microsoft Visual Studio Solution File, Format Version 12.00
# Visual Studio Version 16
VisualStudioVersion = 16.0.30621.155
MinimumVisualStudioVersion = 10.0.40219.1
Project("{FAE04EC0-301F-11D3-BF4B-00C04F79EFBC}") = "SP_Tema4_Ej2_elbueno", "SP_Tema4_Ej2_elbueno\SP_Tema4_Ej2_elbueno.csproj", "{5787F84E-7090-4AD6-8955-EAA5CD9BA1A0}"
EndProject
Global
	GlobalSection(SolutionConfigurationPlatforms) = preSolution
		Debug|Any CPU = Debug|Any CPU
		Release|Any CPU = Release|Any CPU
	EndGlobalSection
	GlobalSection(ProjectConfigurationPlatforms) = postSolution
		{5787F84E-7090-4AD6-8955-EAA5CD9BA1A0}.Debug|Any CPU.ActiveCfg = Debug|Any CPU
		{5787F84E-7090-4AD6-8955-EAA5CD9BA1A0}.Debug|Any CPU.Build.0 = Debug|Any CPU
		{5787F84E-7090-4AD6-8955-EAA5CD9BA1A0}.Release|Any CPU.ActiveCfg = Release|Any CPU
		{5787F84E-7090-4AD6-8955-EAA5CD9BA1A0}.Release|Any CPU.Build.0 = Release|Any CPU
	EndGlobalSection
	GlobalSection(SolutionProperties) = preSolution
		HideSolutionNode = FALSE
	EndGlobalSection
	GlobalSection(ExtensibilityGlobals) = postSolution
		SolutionGuid = {E6C3D1E7-9DA5-45E5-942C-FEDEFA1830A7}
	EndGlobalSection
EndGlobal
